// !$*UTF8*$!
{
	archiveVersion = 1;
	classes = {
	};
	objectVersion = 50;
	objects = {

/* Begin PBXBuildFile section */
		5829DD9024EAC95F002F9B34 /* AppDelegate.swift in Sources */ = {isa = PBXBuildFile; fileRef = 5829DD8F24EAC95F002F9B34 /* AppDelegate.swift */; };
		5829DD9224EAC95F002F9B34 /* SceneDelegate.swift in Sources */ = {isa = PBXBuildFile; fileRef = 5829DD9124EAC95F002F9B34 /* SceneDelegate.swift */; };
		5829DD9424EAC95F002F9B34 /* GridViewController.swift in Sources */ = {isa = PBXBuildFile; fileRef = 5829DD9324EAC95F002F9B34 /* GridViewController.swift */; };
		5829DD9724EAC95F002F9B34 /* Main.storyboard in Resources */ = {isa = PBXBuildFile; fileRef = 5829DD9524EAC95F002F9B34 /* Main.storyboard */; };
		5829DD9924EAC963002F9B34 /* Assets.xcassets in Resources */ = {isa = PBXBuildFile; fileRef = 5829DD9824EAC963002F9B34 /* Assets.xcassets */; };
		5829DD9C24EAC963002F9B34 /* LaunchScreen.storyboard in Resources */ = {isa = PBXBuildFile; fileRef = 5829DD9A24EAC963002F9B34 /* LaunchScreen.storyboard */; };
		5829DDA424EAC9C5002F9B34 /* LabelCell.swift in Sources */ = {isa = PBXBuildFile; fileRef = 5829DDA324EAC9C5002F9B34 /* LabelCell.swift */; };
/* End PBXBuildFile section */

/* Begin PBXFileReference section */
		5829DD8C24EAC95F002F9B34 /* Compositional-Layout-App.app */ = {isa = PBXFileReference; explicitFileType = wrapper.application; includeInIndex = 0; path = "Compositional-Layout-App.app"; sourceTree = BUILT_PRODUCTS_DIR; };
		5829DD8F24EAC95F002F9B34 /* AppDelegate.swift */ = {isa = PBXFileReference; lastKnownFileType = sourcecode.swift; path = AppDelegate.swift; sourceTree = "<group>"; };
		5829DD9124EAC95F002F9B34 /* SceneDelegate.swift */ = {isa = PBXFileReference; lastKnownFileType = sourcecode.swift; path = SceneDelegate.swift; sourceTree = "<group>"; };
		5829DD9324EAC95F002F9B34 /* GridViewController.swift */ = {isa = PBXFileReference; lastKnownFileType = sourcecode.swift; path = GridViewController.swift; sourceTree = "<group>"; };
		5829DD9624EAC95F002F9B34 /* Base */ = {isa = PBXFileReference; lastKnownFileType = file.storyboard; name = Base; path = Base.lproj/Main.storyboard; sourceTree = "<group>"; };
		5829DD9824EAC963002F9B34 /* Assets.xcassets */ = {isa = PBXFileReference; lastKnownFileType = folder.assetcatalog; path = Assets.xcassets; sourceTree = "<group>"; };
		5829DD9B24EAC963002F9B34 /* Base */ = {isa = PBXFileReference; lastKnownFileType = file.storyboard; name = Base; path = Base.lproj/LaunchScreen.storyboard; sourceTree = "<group>"; };
		5829DD9D24EAC963002F9B34 /* Info.plist */ = {isa = PBXFileReference; lastKnownFileType = text.plist.xml; path = Info.plist; sourceTree = "<group>"; };
		5829DDA324EAC9C5002F9B34 /* LabelCell.swift */ = {isa = PBXFileReference; lastKnownFileType = sourcecode.swift; path = LabelCell.swift; sourceTree = "<group>"; };
/* End PBXFileReference section */

/* Begin PBXFrameworksBuildPhase section */
		5829DD8924EAC95F002F9B34 /* Frameworks */ = {
			isa = PBXFrameworksBuildPhase;
			buildActionMask = 2147483647;
			files = (
			);
			runOnlyForDeploymentPostprocessing = 0;
		};
/* End PBXFrameworksBuildPhase section */

/* Begin PBXGroup section */
		5829DD8324EAC95F002F9B34 = {
			isa = PBXGroup;
			children = (
				5829DD8E24EAC95F002F9B34 /* Compositional-Layout-App */,
				5829DD8D24EAC95F002F9B34 /* Products */,
			);
			sourceTree = "<group>";
		};
		5829DD8D24EAC95F002F9B34 /* Products */ = {
			isa = PBXGroup;
			children = (
				5829DD8C24EAC95F002F9B34 /* Compositional-Layout-App.app */,
			);
			name = Products;
			sourceTree = "<group>";
		};
		5829DD8E24EAC95F002F9B34 /* Compositional-Layout-App */ = {
			isa = PBXGroup;
			children = (
				5829DD8F24EAC95F002F9B34 /* AppDelegate.swift */,
				5829DD9124EAC95F002F9B34 /* SceneDelegate.swift */,
				5829DD9324EAC95F002F9B34 /* GridViewController.swift */,
				5829DDA324EAC9C5002F9B34 /* LabelCell.swift */,
				5829DD9524EAC95F002F9B34 /* Main.storyboard */,
				5829DD9824EAC963002F9B34 /* Assets.xcassets */,
				5829DD9A24EAC963002F9B34 /* LaunchScreen.storyboard */,
				5829DD9D24EAC963002F9B34 /* Info.plist */,
			);
			path = "Compositional-Layout-App";
			sourceTree = "<group>";
		};
/* End PBXGroup section */

/* Begin PBXNativeTarget section */
		5829DD8B24EAC95F002F9B34 /* Compositional-Layout-App */ = {
			isa = PBXNativeTarget;
			buildConfigurationList = 5829DDA024EAC963002F9B34 /* Build configuration list for PBXNativeTarget "Compositional-Layout-App" */;
			buildPhases = (
				5829DD8824EAC95F002F9B34 /* Sources */,
				5829DD8924EAC95F002F9B34 /* Frameworks */,
				5829DD8A24EAC95F002F9B34 /* Resources */,
			);
			buildRules = (
			);
			dependencies = (
			);
			name = "Compositional-Layout-App";
			productName = "Compositional-Layout-App";
			productReference = 5829DD8C24EAC95F002F9B34 /* Compositional-Layout-App.app */;
			productType = "com.apple.product-type.application";
		};
/* End PBXNativeTarget section */

/* Begin PBXProject section */
		5829DD8424EAC95F002F9B34 /* Project object */ = {
			isa = PBXProject;
			attributes = {
				LastSwiftUpdateCheck = 1160;
				LastUpgradeCheck = 1160;
				ORGANIZATIONNAME = "Eric Davenport";
				TargetAttributes = {
					5829DD8B24EAC95F002F9B34 = {
						CreatedOnToolsVersion = 11.6;
					};
				};
			};
			buildConfigurationList = 5829DD8724EAC95F002F9B34 /* Build configuration list for PBXProject "Compositional-Layout-App" */;
			compatibilityVersion = "Xcode 9.3";
			developmentRegion = en;
			hasScannedForEncodings = 0;
			knownRegions = (
				en,
				Base,
			);
			mainGroup = 5829DD8324EAC95F002F9B34;
			productRefGroup = 5829DD8D24EAC95F002F9B34 /* Products */;
			projectDirPath = "";
			projectRoot = "";
			targets = (
				5829DD8B24EAC95F002F9B34 /* Compositional-Layout-App */,
			);
		};
/* End PBXProject section */

/* Begin PBXResourcesBuildPhase section */
		5829DD8A24EAC95F002F9B34 /* Resources */ = {
			isa = PBXResourcesBuildPhase;
			buildActionMask = 2147483647;
			files = (
				5829DD9C24EAC963002F9B34 /* LaunchScreen.storyboard in Resources */,
				5829DD9924EAC963002F9B34 /* Assets.xcassets in Resources */,
				5829DD9724EAC95F002F9B34 /* Main.storyboard in Resources */,
			);
			runOnlyForDeploymentPostprocessing = 0;
		};
/* End PBXResourcesBuildPhase section */

/* Begin PBXSourcesBuildPhase section */
		5829DD8824EAC95F002F9B34 /* Sources */ = {
			isa = PBXSourcesBuildPhase;
			buildActionMask = 2147483647;
			files = (
				5829DD9424EAC95F002F9B34 /* GridViewController.swift in Sources */,
				5829DD9024EAC95F002F9B34 /* AppDelegate.swift in Sources */,
				5829DDA424EAC9C5002F9B34 /* LabelCell.swift in Sources */,
				5829DD9224EAC95F002F9B34 /* SceneDelegate.swift in Sources */,
			);
			runOnlyForDeploymentPostprocessing = 0;
		};
/* End PBXSourcesBuildPhase section */

/* Begin PBXVariantGroup section */
		5829DD9524EAC95F002F9B34 /* Main.storyboard */ = {
			isa = PBXVariantGroup;
			children = (
				5829DD9624EAC95F002F9B34 /* Base */,
			);
			name = Main.storyboard;
			sourceTree = "<group>";
		};
		5829DD9A24EAC963002F9B34 /* LaunchScreen.storyboard */ = {
			isa = PBXVariantGroup;
			children = (
				5829DD9B24EAC963002F9B34 /* Base */,
			);
			name = LaunchScreen.storyboard;
			sourceTree = "<group>";
		};
/* End PBXVariantGroup section */

/* Begin XCBuildConfiguration section */
		5829DD9E24EAC963002F9B34 /* Debug */ = {
			isa = XCBuildConfiguration;
			buildSettings = {
				ALWAYS_SEARCH_USER_PATHS = NO;
				CLANG_ANALYZER_NONNULL = YES;
				CLANG_ANALYZER_NUMBER_OBJECT_CONVERSION = YES_AGGRESSIVE;
				CLANG_CXX_LANGUAGE_STANDARD = "gnu++14";
				CLANG_CXX_LIBRARY = "libc++";
				CLANG_ENABLE_MODULES = YES;
				CLANG_ENABLE_OBJC_ARC = YES;
				CLANG_ENABLE_OBJC_WEAK = YES;
				CLANG_WARN_BLOCK_CAPTURE_AUTORELEASING = YES;
				CLANG_WARN_BOOL_CONVERSION = YES;
				CLANG_WARN_COMMA = YES;
				CLANG_WARN_CONSTANT_CONVERSION = YES;
				CLANG_WARN_DEPRECATED_OBJC_IMPLEMENTATIONS = YES;
				CLANG_WARN_DIRECT_OBJC_ISA_USAGE = YES_ERROR;
				CLANG_WARN_DOCUMENTATION_COMMENTS = YES;
				CLANG_WARN_EMPTY_BODY = YES;
				CLANG_WARN_ENUM_CONVERSION = YES;
				CLANG_WARN_INFINITE_RECURSION = YES;
				CLANG_WARN_INT_CONVERSION = YES;
				CLANG_WARN_NON_LITERAL_NULL_CONVERSION = YES;
				CLANG_WARN_OBJC_IMPLICIT_RETAIN_SELF = YES;
				CLANG_WARN_OBJC_LITERAL_CONVERSION = YES;
				CLANG_WARN_OBJC_ROOT_CLASS = YES_ERROR;
				CLANG_WARN_RANGE_LOOP_ANALYSIS = YES;
				CLANG_WARN_STRICT_PROTOTYPES = YES;
				CLANG_WARN_SUSPICIOUS_MOVE = YES;
				CLANG_WARN_UNGUARDED_AVAILABILITY = YES_AGGRESSIVE;
				CLANG_WARN_UNREACHABLE_CODE = YES;
				CLANG_WARN__DUPLICATE_METHOD_MATCH = YES;
				COPY_PHASE_STRIP = NO;
				DEBUG_INFORMATION_FORMAT = dwarf;
				ENABLE_STRICT_OBJC_MSGSEND = YES;
				ENABLE_TESTABILITY = YES;
				GCC_C_LANGUAGE_STANDARD = gnu11;
				GCC_DYNAMIC_NO_PIC = NO;
				GCC_NO_COMMON_BLOCKS = YES;
				GCC_OPTIMIZATION_LEVEL = 0;
				GCC_PREPROCESSOR_DEFINITIONS = (
					"DEBUG=1",
					"$(inherited)",
				);
				GCC_WARN_64_TO_32_BIT_CONVERSION = YES;
				GCC_WARN_ABOUT_RETURN_TYPE = YES_ERROR;
				GCC_WARN_UNDECLARED_SELECTOR = YES;
				GCC_WARN_UNINITIALIZED_AUTOS = YES_AGGRESSIVE;
				GCC_WARN_UNUSED_FUNCTION = YES;
				GCC_WARN_UNUSED_VARIABLE = YES;
				IPHONEOS_DEPLOYMENT_TARGET = 13.6;
				MTL_ENABLE_DEBUG_INFO = INCLUDE_SOURCE;
				MTL_FAST_MATH = YES;
				ONLY_ACTIVE_ARCH = YES;
				SDKROOT = iphoneos;
				SWIFT_ACTIVE_COMPILATION_CONDITIONS = DEBUG;
				SWIFT_OPTIMIZATION_LEVEL = "-Onone";
			};
			name = Debug;
		};
		5829DD9F24EAC963002F9B34 /* Release */ = {
			isa = XCBuildConfiguration;
			buildSettings = {
				ALWAYS_SEARCH_USER_PATHS = NO;
				CLANG_ANALYZER_NONNULL = YES;
				CLANG_ANALYZER_NUMBER_OBJECT_CONVERSION = YES_AGGRESSIVE;
				CLANG_CXX_LANGUAGE_STANDARD = "gnu++14";
				CLANG_CXX_LIBRARY = "libc++";
				CLANG_ENABLE_MODULES = YES;
				CLANG_ENABLE_OBJC_ARC = YES;
				CLANG_ENABLE_OBJC_WEAK = YES;
				CLANG_WARN_BLOCK_CAPTURE_AUTORELEASING = YES;
				CLANG_WARN_BOOL_CONVERSION = YES;
				CLANG_WARN_COMMA = YES;
				CLANG_WARN_CONSTANT_CONVERSION = YES;
				CLANG_WARN_DEPRECATED_OBJC_IMPLEMENTATIONS = YES;
				CLANG_WARN_DIRECT_OBJC_ISA_USAGE = YES_ERROR;
				CLANG_WARN_DOCUMENTATION_COMMENTS = YES;
				CLANG_WARN_EMPTY_BODY = YES;
				CLANG_WARN_ENUM_CONVERSION = YES;
				CLANG_WARN_INFINITE_RECURSION = YES;
				CLANG_WARN_INT_CONVERSION = YES;
				CLANG_WARN_NON_LITERAL_NULL_CONVERSION = YES;
				CLANG_WARN_OBJC_IMPLICIT_RETAIN_SELF = YES;
				CLANG_WARN_OBJC_LITERAL_CONVERSION = YES;
				CLANG_WARN_OBJC_ROOT_CLASS = YES_ERROR;
				CLANG_WARN_RANGE_LOOP_ANALYSIS = YES;
				CLANG_WARN_STRICT_PROTOTYPES = YES;
				CLANG_WARN_SUSPICIOUS_MOVE = YES;
				CLANG_WARN_UNGUARDED_AVAILABILITY = YES_AGGRESSIVE;
				CLANG_WARN_UNREACHABLE_CODE = YES;
				CLANG_WARN__DUPLICATE_METHOD_MATCH = YES;
				COPY_PHASE_STRIP = NO;
				DEBUG_INFORMATION_FORMAT = "dwarf-with-dsym";
				ENABLE_NS_ASSERTIONS = NO;
				ENABLE_STRICT_OBJC_MSGSEND = YES;
				GCC_C_LANGUAGE_STANDARD = gnu11;
				GCC_NO_COMMON_BLOCKS = YES;
				GCC_WARN_64_TO_32_BIT_CONVERSION = YES;
				GCC_WARN_ABOUT_RETURN_TYPE = YES_ERROR;
				GCC_WARN_UNDECLARED_SELECTOR = YES;
				GCC_WARN_UNINITIALIZED_AUTOS = YES_AGGRESSIVE;
				GCC_WARN_UNUSED_FUNCTION = YES;
				GCC_WARN_UNUSED_VARIABLE = YES;
				IPHONEOS_DEPLOYMENT_TARGET = 13.6;
				MTL_ENABLE_DEBUG_INFO = NO;
				MTL_FAST_MATH = YES;
				SDKROOT = iphoneos;
				SWIFT_COMPILATION_MODE = wholemodule;
				SWIFT_OPTIMIZATION_LEVEL = "-O";
				VALIDATE_PRODUCT = YES;
			};
			name = Release;
		};
		5829DDA124EAC963002F9B34 /* Debug */ = {
			isa = XCBuildConfiguration;
			buildSettings = {
				ASSETCATALOG_COMPILER_APPICON_NAME = AppIcon;
				CODE_SIGN_STYLE = Automatic;
				DEVELOPMENT_TEAM = 3YV6C3YLPG;
				INFOPLIST_FILE = "Compositional-Layout-App/Info.plist";
				LD_RUNPATH_SEARCH_PATHS = (
					"$(inherited)",
					"@executable_path/Frameworks",
				);
				PRODUCT_BUNDLE_IDENTIFIER = "org.ericdavenport.Compositional-Layout-App";
				PRODUCT_NAME = "$(TARGET_NAME)";
				SWIFT_VERSION = 5.0;
				TARGETED_DEVICE_FAMILY = "1,2";
			};
			name = Debug;
		};
		5829DDA224EAC963002F9B34 /* Release */ = {
			isa = XCBuildConfiguration;
			buildSettings = {
				ASSETCATALOG_COMPILER_APPICON_NAME = AppIcon;
				CODE_SIGN_STYLE = Automatic;
				DEVELOPMENT_TEAM = 3YV6C3YLPG;
				INFOPLIST_FILE = "Compositional-Layout-App/Info.plist";
				LD_RUNPATH_SEARCH_PATHS = (
					"$(inherited)",
					"@executable_path/Frameworks",
				);
				PRODUCT_BUNDLE_IDENTIFIER = "org.ericdavenport.Compositional-Layout-App";
				PRODUCT_NAME = "$(TARGET_NAME)";
				SWIFT_VERSION = 5.0;
				TARGETED_DEVICE_FAMILY = "1,2";
			};
			name = Release;
		};
/* End XCBuildConfiguration section */

/* Begin XCConfigurationList section */
		5829DD8724EAC95F002F9B34 /* Build configuration list for PBXProject "Compositional-Layout-App" */ = {
			isa = XCConfigurationList;
			buildConfigurations = (
				5829DD9E24EAC963002F9B34 /* Debug */,
				5829DD9F24EAC963002F9B34 /* Release */,
			);
			defaultConfigurationIsVisible = 0;
			defaultConfigurationName = Release;
		};
		5829DDA024EAC963002F9B34 /* Build configuration list for PBXNativeTarget "Compositional-Layout-App" */ = {
			isa = XCConfigurationList;
			buildConfigurations = (
				5829DDA124EAC963002F9B34 /* Debug */,
				5829DDA224EAC963002F9B34 /* Release */,
			);
			defaultConfigurationIsVisible = 0;
			defaultConfigurationName = Release;
		};
/* End XCConfigurationList section */
	};
	rootObject = 5829DD8424EAC95F002F9B34 /* Project object */;
}
